
Microsoft Visual Studio Solution File, Format Version 12.00
# Visual Studio Version 16
VisualStudioVersion = 16.0.30204.135
MinimumVisualStudioVersion = 10.0.40219.1
Project("{FAE04EC0-301F-11D3-BF4B-00C04F79EFBC}") = "XamarinPushApplication.Android", "XamarinPushApplication\XamarinPushApplication.Android\XamarinPushApplication.Android.csproj", "{0F7A429A-F967-45F8-BB61-E8A6C8395C9C}"
EndProject
Project("{FAE04EC0-301F-11D3-BF4B-00C04F79EFBC}") = "XamarinPushApplication.iOS", "XamarinPushApplication\XamarinPushApplication.iOS\XamarinPushApplication.iOS.csproj", "{69E40C20-9D77-49C6-9BAE-88BE644FC28C}"
EndProject
Project("{FAE04EC0-301F-11D3-BF4B-00C04F79EFBC}") = "XamarinPushApplication", "XamarinPushApplication\XamarinPushApplication\XamarinPushApplication.csproj", "{D72399D5-B1EE-4DBA-9B30-BC758D100A65}"
EndProject
Global
	GlobalSection(SolutionConfigurationPlatforms) = preSolution
		Debug|Any CPU = Debug|Any CPU
		Debug|iPhone = Debug|iPhone
		Debug|iPhoneSimulator = Debug|iPhoneSimulator
		Release|Any CPU = Release|Any CPU
		Release|iPhone = Release|iPhone
		Release|iPhoneSimulator = Release|iPhoneSimulator
	EndGlobalSection
	GlobalSection(ProjectConfigurationPlatforms) = postSolution
		{0F7A429A-F967-45F8-BB61-E8A6C8395C9C}.Debug|Any CPU.ActiveCfg = Debug|Any CPU
		{0F7A429A-F967-45F8-BB61-E8A6C8395C9C}.Debug|Any CPU.Build.0 = Debug|Any CPU
		{0F7A429A-F967-45F8-BB61-E8A6C8395C9C}.Debug|Any CPU.Deploy.0 = Debug|Any CPU
		{0F7A429A-F967-45F8-BB61-E8A6C8395C9C}.Debug|iPhone.ActiveCfg = Debug|Any CPU
		{0F7A429A-F967-45F8-BB61-E8A6C8395C9C}.Debug|iPhone.Build.0 = Debug|Any CPU
		{0F7A429A-F967-45F8-BB61-E8A6C8395C9C}.Debug|iPhone.Deploy.0 = Debug|Any CPU
		{0F7A429A-F967-45F8-BB61-E8A6C8395C9C}.Debug|iPhoneSimulator.ActiveCfg = Debug|Any CPU
		{0F7A429A-F967-45F8-BB61-E8A6C8395C9C}.Debug|iPhoneSimulator.Build.0 = Debug|Any CPU
		{0F7A429A-F967-45F8-BB61-E8A6C8395C9C}.Debug|iPhoneSimulator.Deploy.0 = Debug|Any CPU
		{0F7A429A-F967-45F8-BB61-E8A6C8395C9C}.Release|Any CPU.ActiveCfg = Release|Any CPU
		{0F7A429A-F967-45F8-BB61-E8A6C8395C9C}.Release|Any CPU.Build.0 = Release|Any CPU
		{0F7A429A-F967-45F8-BB61-E8A6C8395C9C}.Release|Any CPU.Deploy.0 = Release|Any CPU
		{0F7A429A-F967-45F8-BB61-E8A6C8395C9C}.Release|iPhone.ActiveCfg = Release|Any CPU
		{0F7A429A-F967-45F8-BB61-E8A6C8395C9C}.Release|iPhone.Build.0 = Release|Any CPU
		{0F7A429A-F967-45F8-BB61-E8A6C8395C9C}.Release|iPhone.Deploy.0 = Release|Any CPU
		{0F7A429A-F967-45F8-BB61-E8A6C8395C9C}.Release|iPhoneSimulator.ActiveCfg = Release|Any CPU
		{0F7A429A-F967-45F8-BB61-E8A6C8395C9C}.Release|iPhoneSimulator.Build.0 = Release|Any CPU
		{0F7A429A-F967-45F8-BB61-E8A6C8395C9C}.Release|iPhoneSimulator.Deploy.0 = Release|Any CPU
		{69E40C20-9D77-49C6-9BAE-88BE644FC28C}.Debug|Any CPU.ActiveCfg = Debug|iPhone
		{69E40C20-9D77-49C6-9BAE-88BE644FC28C}.Debug|Any CPU.Build.0 = Debug|iPhone
		{69E40C20-9D77-49C6-9BAE-88BE644FC28C}.Debug|Any CPU.Deploy.0 = Debug|iPhone
		{69E40C20-9D77-49C6-9BAE-88BE644FC28C}.Debug|iPhone.ActiveCfg = Debug|iPhone
		{69E40C20-9D77-49C6-9BAE-88BE644FC28C}.Debug|iPhone.Build.0 = Debug|iPhone
		{69E40C20-9D77-49C6-9BAE-88BE644FC28C}.Debug|iPhone.Deploy.0 = Debug|iPhone
		{69E40C20-9D77-49C6-9BAE-88BE644FC28C}.Debug|iPhoneSimulator.ActiveCfg = Debug|iPhoneSimulator
		{69E40C20-9D77-49C6-9BAE-88BE644FC28C}.Debug|iPhoneSimulator.Build.0 = Debug|iPhoneSimulator
		{69E40C20-9D77-49C6-9BAE-88BE644FC28C}.Debug|iPhoneSimulator.Deploy.0 = Debug|iPhoneSimulator
		{69E40C20-9D77-49C6-9BAE-88BE644FC28C}.Release|Any CPU.ActiveCfg = Release|iPhone
		{69E40C20-9D77-49C6-9BAE-88BE644FC28C}.Release|Any CPU.Build.0 = Release|iPhone
		{69E40C20-9D77-49C6-9BAE-88BE644FC28C}.Release|Any CPU.Deploy.0 = Release|iPhone
		{69E40C20-9D77-49C6-9BAE-88BE644FC28C}.Release|iPhone.ActiveCfg = Release|iPhone
		{69E40C20-9D77-49C6-9BAE-88BE644FC28C}.Release|iPhone.Build.0 = Release|iPhone
		{69E40C20-9D77-49C6-9BAE-88BE644FC28C}.Release|iPhone.Deploy.0 = Release|iPhone
		{69E40C20-9D77-49C6-9BAE-88BE644FC28C}.Release|iPhoneSimulator.ActiveCfg = Release|iPhoneSimulator
		{69E40C20-9D77-49C6-9BAE-88BE644FC28C}.Release|iPhoneSimulator.Build.0 = Release|iPhoneSimulator
		{69E40C20-9D77-49C6-9BAE-88BE644FC28C}.Release|iPhoneSimulator.Deploy.0 = Release|iPhoneSimulator
		{D72399D5-B1EE-4DBA-9B30-BC758D100A65}.Debug|Any CPU.ActiveCfg = Debug|Any CPU
		{D72399D5-B1EE-4DBA-9B30-BC758D100A65}.Debug|Any CPU.Build.0 = Debug|Any CPU
		{D72399D5-B1EE-4DBA-9B30-BC758D100A65}.Debug|Any CPU.Deploy.0 = Debug|Any CPU
		{D72399D5-B1EE-4DBA-9B30-BC758D100A65}.Debug|iPhone.ActiveCfg = Debug|Any CPU
		{D72399D5-B1EE-4DBA-9B30-BC758D100A65}.Debug|iPhone.Build.0 = Debug|Any CPU
		{D72399D5-B1EE-4DBA-9B30-BC758D100A65}.Debug|iPhone.Deploy.0 = Debug|Any CPU
		{D72399D5-B1EE-4DBA-9B30-BC758D100A65}.Debug|iPhoneSimulator.ActiveCfg = Debug|Any CPU
		{D72399D5-B1EE-4DBA-9B30-BC758D100A65}.Debug|iPhoneSimulator.Build.0 = Debug|Any CPU
		{D72399D5-B1EE-4DBA-9B30-BC758D100A65}.Debug|iPhoneSimulator.Deploy.0 = Debug|Any CPU
		{D72399D5-B1EE-4DBA-9B30-BC758D100A65}.Release|Any CPU.ActiveCfg = Release|Any CPU
		{D72399D5-B1EE-4DBA-9B30-BC758D100A65}.Release|Any CPU.Build.0 = Release|Any CPU
		{D72399D5-B1EE-4DBA-9B30-BC758D100A65}.Release|Any CPU.Deploy.0 = Release|Any CPU
		{D72399D5-B1EE-4DBA-9B30-BC758D100A65}.Release|iPhone.ActiveCfg = Release|Any CPU
		{D72399D5-B1EE-4DBA-9B30-BC758D100A65}.Release|iPhone.Build.0 = Release|Any CPU
		{D72399D5-B1EE-4DBA-9B30-BC758D100A65}.Release|iPhone.Deploy.0 = Release|Any CPU
		{D72399D5-B1EE-4DBA-9B30-BC758D100A65}.Release|iPhoneSimulator.ActiveCfg = Release|Any CPU
		{D72399D5-B1EE-4DBA-9B30-BC758D100A65}.Release|iPhoneSimulator.Build.0 = Release|Any CPU
		{D72399D5-B1EE-4DBA-9B30-BC758D100A65}.Release|iPhoneSimulator.Deploy.0 = Release|Any CPU
	EndGlobalSection
	GlobalSection(SolutionProperties) = preSolution
		HideSolutionNode = FALSE
	EndGlobalSection
	GlobalSection(ExtensibilityGlobals) = postSolution
		SolutionGuid = {AA207F4C-FDA8-48F3-A181-6EAC862835B9}
	EndGlobalSection
EndGlobal
